<Solution>
  <Project Path="benchmarks/PixelEditor.Benchmarks/PixelEditor.Benchmarks.csproj" />
  <Project Path="pixel-editor.csproj" />
  <Project Path="src/PixelEditor.Core/PixelEditor.Core.csproj" />
  <Project Path="tests/PixelEditor.App.Tests/PixelEditor.App.Tests.csproj" />
  <Project Path="tests/PixelEditor.Core.Tests/PixelEditor.Core.Tests.csproj" />
  <Project Path="tests/PixelEditor.Ui.Tests/PixelEditor.Ui.Tests.csproj" />
</Solution>
